<?xml version="1.0" encoding="utf-8"?>
<Project ToolsVersion="4.0" xmlns="http://schemas.microsoft.com/developer/msbuild/2003">
  <ItemGroup>
    <Filter Include="源文件">
      <UniqueIdentifier>{4FC737F1-C7A5-4376-A066-2A32D752A2FF}</UniqueIdentifier>
      <Extensions>cpp;c;cc;cxx;def;odl;idl;hpj;bat;asm;asmx</Extensions>
    </Filter>
    <Filter Include="头文件">
      <UniqueIdentifier>{93995380-89BD-4b04-88EB-625FBE52EBFB}</UniqueIdentifier>
      <Extensions>h;hpp;hxx;hm;inl;inc;xsd</Extensions>
    </Filter>
    <Filter Include="资源文件">
      <UniqueIdentifier>{67DA6AB6-F800-4c08-8B7A-83BB121AAD01}</UniqueIdentifier>
      <Extensions>rc;ico;cur;bmp;dlg;rc2;rct;bin;rgs;gif;jpg;jpeg;jpe;resx;tiff;tif;png;wav;mfcribbon-ms</Extensions>
    </Filter>
    <Filter Include="util">
      <UniqueIdentifier>{099542b5-a303-441f-b61d-873279a5d694}</UniqueIdentifier>
    </Filter>
    <Filter Include="util\头文件">
      <UniqueIdentifier>{545dc136-b482-486b-9402-6ecace055a68}</UniqueIdentifier>
    </Filter>
    <Filter Include="Entity">
      <UniqueIdentifier>{51240c67-fe1e-4abe-975a-d3de81810483}</UniqueIdentifier>
    </Filter>
    <Filter Include="Entity\头文件">
      <UniqueIdentifier>{047efad4-17f0-4ba2-ba77-e3d7f0e23455}</UniqueIdentifier>
    </Filter>
    <Filter Include="Dao">
      <UniqueIdentifier>{b480fbf3-b36b-48f1-9079-035c3a2606bb}</UniqueIdentifier>
    </Filter>
    <Filter Include="Dao\头文件">
      <UniqueIdentifier>{a92bfd8a-c61d-4f1b-8bf5-e4b48b143d3e}</UniqueIdentifier>
    </Filter>
    <Filter Include="Logic">
      <UniqueIdentifier>{1f8518e7-9bbc-4387-824d-7711dbe78b71}</UniqueIdentifier>
    </Filter>
    <Filter Include="Logic\头文件">
      <UniqueIdentifier>{f08a09b9-74d0-4422-a35f-ba694fb21d5f}</UniqueIdentifier>
    </Filter>
  </ItemGroup>
  <ItemGroup>
    <None Include="ReadMe.txt" />
    <None Include="res\dbms.rc2">
      <Filter>资源文件</Filter>
    </None>
    <None Include="res\dbms.ico">
      <Filter>资源文件</Filter>
    </None>
    <None Include="ClassDiagram1.cd" />
  </ItemGroup>
  <ItemGroup>
    <ClInclude Include="dbms.h">
      <Filter>头文件</Filter>
    </ClInclude>
    <ClInclude Include="dbmsDlg.h">
      <Filter>头文件</Filter>
    </ClInclude>
    <ClInclude Include="stdafx.h">
      <Filter>头文件</Filter>
    </ClInclude>
    <ClInclude Include="targetver.h">
      <Filter>头文件</Filter>
    </ClInclude>
    <ClInclude Include="Resource.h">
      <Filter>头文件</Filter>
    </ClInclude>
    <ClInclude Include="CharHelper.h">
      <Filter>util\头文件</Filter>
    </ClInclude>
    <ClInclude Include="DBEntity.h">
      <Filter>Entity\头文件</Filter>
    </ClInclude>
    <ClInclude Include="DataStructure.h">
      <Filter>头文件</Filter>
    </ClInclude>
    <ClInclude Include="DBDao.h">
      <Filter>Dao\头文件</Filter>
    </ClInclude>
    <ClInclude Include="AppException.h">
      <Filter>头文件</Filter>
    </ClInclude>
    <ClInclude Include="FileLogic.h">
      <Filter>Logic\头文件</Filter>
    </ClInclude>
    <ClInclude Include="DBLogic.h">
      <Filter>Logic\头文件</Filter>
    </ClInclude>
    <ClInclude Include="CDBDlg.h">
      <Filter>头文件</Filter>
    </ClInclude>
    <ClInclude Include="TableDao.h">
      <Filter>Dao\头文件</Filter>
    </ClInclude>
    <ClInclude Include="TableEntity.h">
      <Filter>Entity\头文件</Filter>
    </ClInclude>
    <ClInclude Include="TableLogic.h">
      <Filter>Logic\头文件</Filter>
    </ClInclude>
    <ClInclude Include="TBLDlg.h">
      <Filter>头文件</Filter>
    </ClInclude>
    <ClInclude Include="FieldEntity.h">
      <Filter>Entity\头文件</Filter>
    </ClInclude>
    <ClInclude Include="FileHelper.h">
      <Filter>util\头文件</Filter>
    </ClInclude>
    <ClInclude Include="FieldDlg.h">
      <Filter>头文件</Filter>
    </ClInclude>
    <ClInclude Include="TimeHelper.h">
      <Filter>util\头文件</Filter>
    </ClInclude>
    <ClInclude Include="RecordEntity.h">
      <Filter>Entity\头文件</Filter>
    </ClInclude>
    <ClInclude Include="RecordDao.h">
      <Filter>Dao\头文件</Filter>
    </ClInclude>
    <ClInclude Include="RecordLogic.h">
      <Filter>Logic\头文件</Filter>
    </ClInclude>
  </ItemGroup>
  <ItemGroup>
    <ClCompile Include="dbms.cpp">
      <Filter>源文件</Filter>
    </ClCompile>
    <ClCompile Include="dbmsDlg.cpp">
      <Filter>源文件</Filter>
    </ClCompile>
    <ClCompile Include="stdafx.cpp">
      <Filter>源文件</Filter>
    </ClCompile>
    <ClCompile Include="CharHelper.cpp">
      <Filter>util</Filter>
    </ClCompile>
    <ClCompile Include="DBEntity.cpp">
      <Filter>Entity</Filter>
    </ClCompile>
    <ClCompile Include="DBDao.cpp">
      <Filter>Dao</Filter>
    </ClCompile>
    <ClCompile Include="AppException.cpp">
      <Filter>源文件</Filter>
    </ClCompile>
    <ClCompile Include="FileLogic.cpp">
      <Filter>Logic</Filter>
    </ClCompile>
    <ClCompile Include="DBLogic.cpp">
      <Filter>Logic</Filter>
    </ClCompile>
    <ClCompile Include="CDBDlg.cpp">
      <Filter>源文件</Filter>
    </ClCompile>
    <ClCompile Include="TableDao.cpp">
      <Filter>Dao</Filter>
    </ClCompile>
    <ClCompile Include="TableEntity.cpp">
      <Filter>Entity</Filter>
    </ClCompile>
    <ClCompile Include="TableLogic.cpp">
      <Filter>Logic</Filter>
    </ClCompile>
    <ClCompile Include="TBLDlg.cpp">
      <Filter>源文件</Filter>
    </ClCompile>
    <ClCompile Include="FieldEntity.cpp">
      <Filter>Entity</Filter>
    </ClCompile>
    <ClCompile Include="FileHelper.cpp">
      <Filter>util</Filter>
    </ClCompile>
    <ClCompile Include="FieldDlg.cpp">
      <Filter>源文件</Filter>
    </ClCompile>
    <ClCompile Include="TimeHelper.cpp">
      <Filter>util</Filter>
    </ClCompile>
    <ClCompile Include="RecordEntity.cpp">
      <Filter>Entity</Filter>
    </ClCompile>
    <ClCompile Include="RecordDao.cpp">
      <Filter>Dao</Filter>
    </ClCompile>
    <ClCompile Include="RecordLogic.cpp">
      <Filter>Logic</Filter>
    </ClCompile>
  </ItemGroup>
  <ItemGroup>
    <ResourceCompile Include="dbms.rc">
      <Filter>资源文件</Filter>
    </ResourceCompile>
  </ItemGroup>
</Project>